// !$*UTF8*$!
{
	archiveVersion = 1;
	classes = {
	};
	objectVersion = 46;
	objects = {

/* Begin PBXBuildFile section */
		4B1F3117C322D9F91540C357 /* Pods_kirekawaUITests.framework in Frameworks */ = {isa = PBXBuildFile; fileRef = 1773F51D7430447E005AF768 /* Pods_kirekawaUITests.framework */; };
		8909A3B41E754BBF007F5937 /* Alamofire in Frameworks */ = {isa = PBXBuildFile; fileRef = 8909A3B31E754BBF007F5937 /* Alamofire */; };
		89101DAA1E6C3BC3004C56EB /* Const.swift in Sources */ = {isa = PBXBuildFile; fileRef = 89101DA91E6C3BC3004C56EB /* Const.swift */; };
		8990783F1E686D4900D5D3CF /* AppDelegate.swift in Sources */ = {isa = PBXBuildFile; fileRef = 8990783E1E686D4900D5D3CF /* AppDelegate.swift */; };
		899078411E686D4900D5D3CF /* ViewController.swift in Sources */ = {isa = PBXBuildFile; fileRef = 899078401E686D4900D5D3CF /* ViewController.swift */; };
		899078441E686D4900D5D3CF /* Main.storyboard in Resources */ = {isa = PBXBuildFile; fileRef = 899078421E686D4900D5D3CF /* Main.storyboard */; };
		899078461E686D4900D5D3CF /* Assets.xcassets in Resources */ = {isa = PBXBuildFile; fileRef = 899078451E686D4900D5D3CF /* Assets.xcassets */; };
		899078491E686D4900D5D3CF /* LaunchScreen.storyboard in Resources */ = {isa = PBXBuildFile; fileRef = 899078471E686D4900D5D3CF /* LaunchScreen.storyboard */; };
		899078541E686D4A00D5D3CF /* kirekawaTests.swift in Sources */ = {isa = PBXBuildFile; fileRef = 899078531E686D4A00D5D3CF /* kirekawaTests.swift */; };
		8990785F1E686D4A00D5D3CF /* kirekawaUITests.swift in Sources */ = {isa = PBXBuildFile; fileRef = 8990785E1E686D4A00D5D3CF /* kirekawaUITests.swift */; };
		89D932DD1E6BFC5500CAACB9 /* ShopTableViewController.swift in Sources */ = {isa = PBXBuildFile; fileRef = 89D932DC1E6BFC5500CAACB9 /* ShopTableViewController.swift */; };
		89D932DF1E6BFC6E00CAACB9 /* CastTableViewController.swift in Sources */ = {isa = PBXBuildFile; fileRef = 89D932DE1E6BFC6E00CAACB9 /* CastTableViewController.swift */; };
		89D932E11E6C02F300CAACB9 /* MapViewController.swift in Sources */ = {isa = PBXBuildFile; fileRef = 89D932E01E6C02F300CAACB9 /* MapViewController.swift */; };
		89D932E31E6C084F00CAACB9 /* CustomTabBarController.swift in Sources */ = {isa = PBXBuildFile; fileRef = 89D932E21E6C084F00CAACB9 /* CustomTabBarController.swift */; };
		89D932E51E6C0D2900CAACB9 /* ShopDetailViewController.swift in Sources */ = {isa = PBXBuildFile; fileRef = 89D932E41E6C0D2900CAACB9 /* ShopDetailViewController.swift */; };
		89D932E71E6C0D3800CAACB9 /* CastDetailViewController.swift in Sources */ = {isa = PBXBuildFile; fileRef = 89D932E61E6C0D3800CAACB9 /* CastDetailViewController.swift */; };
		89D932EA1E6C179600CAACB9 /* MapKit.framework in Frameworks */ = {isa = PBXBuildFile; fileRef = 89D932E91E6C179600CAACB9 /* MapKit.framework */; };
		DAB4A4236627FCC0C5F4EE52 /* Pods_kirekawa.framework in Frameworks */ = {isa = PBXBuildFile; fileRef = 558ED42B0A1F4B03E240AC4C /* Pods_kirekawa.framework */; };
		EBF21A0E7386928D6B3DB7B6 /* Pods_kirekawaTests.framework in Frameworks */ = {isa = PBXBuildFile; fileRef = 09BB23DDDCF9B669CB613356 /* Pods_kirekawaTests.framework */; };
/* End PBXBuildFile section */

/* Begin PBXContainerItemProxy section */
		899078501E686D4A00D5D3CF /* PBXContainerItemProxy */ = {
			isa = PBXContainerItemProxy;
			containerPortal = 899078331E686D4800D5D3CF /* Project object */;
			proxyType = 1;
			remoteGlobalIDString = 8990783A1E686D4800D5D3CF;
			remoteInfo = kirekawa;
		};
		8990785B1E686D4A00D5D3CF /* PBXContainerItemProxy */ = {
			isa = PBXContainerItemProxy;
			containerPortal = 899078331E686D4800D5D3CF /* Project object */;
			proxyType = 1;
			remoteGlobalIDString = 8990783A1E686D4800D5D3CF;
			remoteInfo = kirekawa;
		};
/* End PBXContainerItemProxy section */

/* Begin PBXFileReference section */
		09BB23DDDCF9B669CB613356 /* Pods_kirekawaTests.framework */ = {isa = PBXFileReference; explicitFileType = wrapper.framework; includeInIndex = 0; path = Pods_kirekawaTests.framework; sourceTree = BUILT_PRODUCTS_DIR; };
		1773F51D7430447E005AF768 /* Pods_kirekawaUITests.framework */ = {isa = PBXFileReference; explicitFileType = wrapper.framework; includeInIndex = 0; path = Pods_kirekawaUITests.framework; sourceTree = BUILT_PRODUCTS_DIR; };
		23AA2610CBD621090610EC2D /* Pods-kirekawaUITests.debug.xcconfig */ = {isa = PBXFileReference; includeInIndex = 1; lastKnownFileType = text.xcconfig; name = "Pods-kirekawaUITests.debug.xcconfig"; path = "Pods/Target Support Files/Pods-kirekawaUITests/Pods-kirekawaUITests.debug.xcconfig"; sourceTree = "<group>"; };
		3504FB1904B28B7753D429A8 /* Pods-kirekawaTests.release.xcconfig */ = {isa = PBXFileReference; includeInIndex = 1; lastKnownFileType = text.xcconfig; name = "Pods-kirekawaTests.release.xcconfig"; path = "Pods/Target Support Files/Pods-kirekawaTests/Pods-kirekawaTests.release.xcconfig"; sourceTree = "<group>"; };
		558ED42B0A1F4B03E240AC4C /* Pods_kirekawa.framework */ = {isa = PBXFileReference; explicitFileType = wrapper.framework; includeInIndex = 0; path = Pods_kirekawa.framework; sourceTree = BUILT_PRODUCTS_DIR; };
		8909A3B31E754BBF007F5937 /* Alamofire */ = {isa = PBXFileReference; lastKnownFileType = folder; name = Alamofire; path = Pods/Alamofire; sourceTree = "<group>"; };
		89101DA91E6C3BC3004C56EB /* Const.swift */ = {isa = PBXFileReference; fileEncoding = 4; lastKnownFileType = sourcecode.swift; path = Const.swift; sourceTree = "<group>"; };
		8990783B1E686D4900D5D3CF /* kirekawa.app */ = {isa = PBXFileReference; explicitFileType = wrapper.application; includeInIndex = 0; path = kirekawa.app; sourceTree = BUILT_PRODUCTS_DIR; };
		8990783E1E686D4900D5D3CF /* AppDelegate.swift */ = {isa = PBXFileReference; lastKnownFileType = sourcecode.swift; path = AppDelegate.swift; sourceTree = "<group>"; };
		899078401E686D4900D5D3CF /* ViewController.swift */ = {isa = PBXFileReference; lastKnownFileType = sourcecode.swift; path = ViewController.swift; sourceTree = "<group>"; };
		899078431E686D4900D5D3CF /* Base */ = {isa = PBXFileReference; lastKnownFileType = file.storyboard; name = Base; path = Base.lproj/Main.storyboard; sourceTree = "<group>"; };
		899078451E686D4900D5D3CF /* Assets.xcassets */ = {isa = PBXFileReference; lastKnownFileType = folder.assetcatalog; path = Assets.xcassets; sourceTree = "<group>"; };
		899078481E686D4900D5D3CF /* Base */ = {isa = PBXFileReference; lastKnownFileType = file.storyboard; name = Base; path = Base.lproj/LaunchScreen.storyboard; sourceTree = "<group>"; };
		8990784A1E686D4900D5D3CF /* Info.plist */ = {isa = PBXFileReference; lastKnownFileType = text.plist.xml; path = Info.plist; sourceTree = "<group>"; };
		8990784F1E686D4A00D5D3CF /* kirekawaTests.xctest */ = {isa = PBXFileReference; explicitFileType = wrapper.cfbundle; includeInIndex = 0; path = kirekawaTests.xctest; sourceTree = BUILT_PRODUCTS_DIR; };
		899078531E686D4A00D5D3CF /* kirekawaTests.swift */ = {isa = PBXFileReference; lastKnownFileType = sourcecode.swift; path = kirekawaTests.swift; sourceTree = "<group>"; };
		899078551E686D4A00D5D3CF /* Info.plist */ = {isa = PBXFileReference; lastKnownFileType = text.plist.xml; path = Info.plist; sourceTree = "<group>"; };
		8990785A1E686D4A00D5D3CF /* kirekawaUITests.xctest */ = {isa = PBXFileReference; explicitFileType = wrapper.cfbundle; includeInIndex = 0; path = kirekawaUITests.xctest; sourceTree = BUILT_PRODUCTS_DIR; };
		8990785E1E686D4A00D5D3CF /* kirekawaUITests.swift */ = {isa = PBXFileReference; lastKnownFileType = sourcecode.swift; path = kirekawaUITests.swift; sourceTree = "<group>"; };
		899078601E686D4A00D5D3CF /* Info.plist */ = {isa = PBXFileReference; lastKnownFileType = text.plist.xml; path = Info.plist; sourceTree = "<group>"; };
		89D932DC1E6BFC5500CAACB9 /* ShopTableViewController.swift */ = {isa = PBXFileReference; fileEncoding = 4; lastKnownFileType = sourcecode.swift; path = ShopTableViewController.swift; sourceTree = "<group>"; };
		89D932DE1E6BFC6E00CAACB9 /* CastTableViewController.swift */ = {isa = PBXFileReference; fileEncoding = 4; lastKnownFileType = sourcecode.swift; path = CastTableViewController.swift; sourceTree = "<group>"; };
		89D932E01E6C02F300CAACB9 /* MapViewController.swift */ = {isa = PBXFileReference; fileEncoding = 4; lastKnownFileType = sourcecode.swift; path = MapViewController.swift; sourceTree = "<group>"; };
		89D932E21E6C084F00CAACB9 /* CustomTabBarController.swift */ = {isa = PBXFileReference; fileEncoding = 4; lastKnownFileType = sourcecode.swift; path = CustomTabBarController.swift; sourceTree = "<group>"; };
		89D932E41E6C0D2900CAACB9 /* ShopDetailViewController.swift */ = {isa = PBXFileReference; fileEncoding = 4; lastKnownFileType = sourcecode.swift; path = ShopDetailViewController.swift; sourceTree = "<group>"; };
		89D932E61E6C0D3800CAACB9 /* CastDetailViewController.swift */ = {isa = PBXFileReference; fileEncoding = 4; lastKnownFileType = sourcecode.swift; path = CastDetailViewController.swift; sourceTree = "<group>"; };
		89D932E91E6C179600CAACB9 /* MapKit.framework */ = {isa = PBXFileReference; lastKnownFileType = wrapper.framework; name = MapKit.framework; path = System/Library/Frameworks/MapKit.framework; sourceTree = SDKROOT; };
		9BD61470839C4FF6FAFBDBAF /* Pods-kirekawa.release.xcconfig */ = {isa = PBXFileReference; includeInIndex = 1; lastKnownFileType = text.xcconfig; name = "Pods-kirekawa.release.xcconfig"; path = "Pods/Target Support Files/Pods-kirekawa/Pods-kirekawa.release.xcconfig"; sourceTree = "<group>"; };
		A263159EBAFB6963D9FEC207 /* Pods-kirekawa.debug.xcconfig */ = {isa = PBXFileReference; includeInIndex = 1; lastKnownFileType = text.xcconfig; name = "Pods-kirekawa.debug.xcconfig"; path = "Pods/Target Support Files/Pods-kirekawa/Pods-kirekawa.debug.xcconfig"; sourceTree = "<group>"; };
		A6E601B37A3161A134859F57 /* Pods-kirekawaUITests.release.xcconfig */ = {isa = PBXFileReference; includeInIndex = 1; lastKnownFileType = text.xcconfig; name = "Pods-kirekawaUITests.release.xcconfig"; path = "Pods/Target Support Files/Pods-kirekawaUITests/Pods-kirekawaUITests.release.xcconfig"; sourceTree = "<group>"; };
		CDB31574DC19730DC53DD891 /* Pods-kirekawaTests.debug.xcconfig */ = {isa = PBXFileReference; includeInIndex = 1; lastKnownFileType = text.xcconfig; name = "Pods-kirekawaTests.debug.xcconfig"; path = "Pods/Target Support Files/Pods-kirekawaTests/Pods-kirekawaTests.debug.xcconfig"; sourceTree = "<group>"; };
/* End PBXFileReference section */

/* Begin PBXFrameworksBuildPhase section */
		899078381E686D4800D5D3CF /* Frameworks */ = {
			isa = PBXFrameworksBuildPhase;
			buildActionMask = 2147483647;
			files = (
				8909A3B41E754BBF007F5937 /* Alamofire in Frameworks */,
				89D932EA1E6C179600CAACB9 /* MapKit.framework in Frameworks */,
				DAB4A4236627FCC0C5F4EE52 /* Pods_kirekawa.framework in Frameworks */,
			);
			runOnlyForDeploymentPostprocessing = 0;
		};
		8990784C1E686D4A00D5D3CF /* Frameworks */ = {
			isa = PBXFrameworksBuildPhase;
			buildActionMask = 2147483647;
			files = (
				EBF21A0E7386928D6B3DB7B6 /* Pods_kirekawaTests.framework in Frameworks */,
			);
			runOnlyForDeploymentPostprocessing = 0;
		};
		899078571E686D4A00D5D3CF /* Frameworks */ = {
			isa = PBXFrameworksBuildPhase;
			buildActionMask = 2147483647;
			files = (
				4B1F3117C322D9F91540C357 /* Pods_kirekawaUITests.framework in Frameworks */,
			);
			runOnlyForDeploymentPostprocessing = 0;
		};
/* End PBXFrameworksBuildPhase section */

/* Begin PBXGroup section */
		89101DA31E6C3AC3004C56EB /* Controller */ = {
			isa = PBXGroup;
			children = (
				89D932E61E6C0D3800CAACB9 /* CastDetailViewController.swift */,
				89D932DE1E6BFC6E00CAACB9 /* CastTableViewController.swift */,
				89D932E21E6C084F00CAACB9 /* CustomTabBarController.swift */,
				89D932E01E6C02F300CAACB9 /* MapViewController.swift */,
				89D932E41E6C0D2900CAACB9 /* ShopDetailViewController.swift */,
				89D932DC1E6BFC5500CAACB9 /* ShopTableViewController.swift */,
				899078401E686D4900D5D3CF /* ViewController.swift */,
			);
			path = Controller;
			sourceTree = "<group>";
		};
		89101DA41E6C3AD1004C56EB /* Model */ = {
			isa = PBXGroup;
			children = (
			);
			path = Model;
			sourceTree = "<group>";
		};
		89101DA51E6C3ADD004C56EB /* View */ = {
			isa = PBXGroup;
			children = (
				899078471E686D4900D5D3CF /* LaunchScreen.storyboard */,
				899078421E686D4900D5D3CF /* Main.storyboard */,
			);
			path = View;
			sourceTree = "<group>";
		};
		89101DA61E6C3AEE004C56EB /* Util */ = {
			isa = PBXGroup;
			children = (
				89101DA91E6C3BC3004C56EB /* Const.swift */,
			);
			path = Util;
			sourceTree = "<group>";
		};
		89101DA71E6C3B05004C56EB /* Resource */ = {
			isa = PBXGroup;
			children = (
				89101DA81E6C3B0D004C56EB /* images */,
			);
			path = Resource;
			sourceTree = "<group>";
		};
		89101DA81E6C3B0D004C56EB /* images */ = {
			isa = PBXGroup;
			children = (
			);
			path = images;
			sourceTree = "<group>";
		};
		899078321E686D4800D5D3CF = {
			isa = PBXGroup;
			children = (
				89D932E81E6C179600CAACB9 /* Frameworks */,
				EEA8C486E68DBE9C986899A8 /* Pods */,
				8990783C1E686D4900D5D3CF /* Products */,
				8990783D1E686D4900D5D3CF /* kirekawa */,
				899078521E686D4A00D5D3CF /* kirekawaTests */,
				8990785D1E686D4A00D5D3CF /* kirekawaUITests */,
			);
			sourceTree = "<group>";
		};
		8990783C1E686D4900D5D3CF /* Products */ = {
			isa = PBXGroup;
			children = (
				8990783B1E686D4900D5D3CF /* kirekawa.app */,
				8990784F1E686D4A00D5D3CF /* kirekawaTests.xctest */,
				8990785A1E686D4A00D5D3CF /* kirekawaUITests.xctest */,
			);
			name = Products;
			sourceTree = "<group>";
		};
		8990783D1E686D4900D5D3CF /* kirekawa */ = {
			isa = PBXGroup;
			children = (
				89101DA31E6C3AC3004C56EB /* Controller */,
				89101DA41E6C3AD1004C56EB /* Model */,
				89101DA71E6C3B05004C56EB /* Resource */,
				89101DA61E6C3AEE004C56EB /* Util */,
				89101DA51E6C3ADD004C56EB /* View */,
				8990783E1E686D4900D5D3CF /* AppDelegate.swift */,
				899078451E686D4900D5D3CF /* Assets.xcassets */,
				8990784A1E686D4900D5D3CF /* Info.plist */,
			);
			path = kirekawa;
			sourceTree = "<group>";
		};
		899078521E686D4A00D5D3CF /* kirekawaTests */ = {
			isa = PBXGroup;
			children = (
				899078551E686D4A00D5D3CF /* Info.plist */,
				899078531E686D4A00D5D3CF /* kirekawaTests.swift */,
			);
			path = kirekawaTests;
			sourceTree = "<group>";
		};
		8990785D1E686D4A00D5D3CF /* kirekawaUITests */ = {
			isa = PBXGroup;
			children = (
				899078601E686D4A00D5D3CF /* Info.plist */,
				8990785E1E686D4A00D5D3CF /* kirekawaUITests.swift */,
			);
			path = kirekawaUITests;
			sourceTree = "<group>";
		};
		89D932E81E6C179600CAACB9 /* Frameworks */ = {
			isa = PBXGroup;
			children = (
				8909A3B31E754BBF007F5937 /* Alamofire */,
				89D932E91E6C179600CAACB9 /* MapKit.framework */,
				558ED42B0A1F4B03E240AC4C /* Pods_kirekawa.framework */,
				09BB23DDDCF9B669CB613356 /* Pods_kirekawaTests.framework */,
				1773F51D7430447E005AF768 /* Pods_kirekawaUITests.framework */,
			);
			name = Frameworks;
			sourceTree = "<group>";
		};
		EEA8C486E68DBE9C986899A8 /* Pods */ = {
			isa = PBXGroup;
			children = (
				A263159EBAFB6963D9FEC207 /* Pods-kirekawa.debug.xcconfig */,
				9BD61470839C4FF6FAFBDBAF /* Pods-kirekawa.release.xcconfig */,
				CDB31574DC19730DC53DD891 /* Pods-kirekawaTests.debug.xcconfig */,
				3504FB1904B28B7753D429A8 /* Pods-kirekawaTests.release.xcconfig */,
				23AA2610CBD621090610EC2D /* Pods-kirekawaUITests.debug.xcconfig */,
				A6E601B37A3161A134859F57 /* Pods-kirekawaUITests.release.xcconfig */,
			);
			name = Pods;
			sourceTree = "<group>";
		};
/* End PBXGroup section */

/* Begin PBXNativeTarget section */
		8990783A1E686D4800D5D3CF /* kirekawa */ = {
			isa = PBXNativeTarget;
			buildConfigurationList = 899078631E686D4A00D5D3CF /* Build configuration list for PBXNativeTarget "kirekawa" */;
			buildPhases = (
				A77ABF0754DCB9E7FD259F2C /* [CP] Check Pods Manifest.lock */,
				899078371E686D4800D5D3CF /* Sources */,
				899078381E686D4800D5D3CF /* Frameworks */,
				899078391E686D4800D5D3CF /* Resources */,
				238E7231B8418523D553AAB2 /* [CP] Embed Pods Frameworks */,
				DCCC19561840BAC26C243C90 /* [CP] Copy Pods Resources */,
			);
			buildRules = (
			);
			dependencies = (
			);
			name = kirekawa;
			productName = kirekawa;
			productReference = 8990783B1E686D4900D5D3CF /* kirekawa.app */;
			productType = "com.apple.product-type.application";
		};
		8990784E1E686D4A00D5D3CF /* kirekawaTests */ = {
			isa = PBXNativeTarget;
			buildConfigurationList = 899078661E686D4A00D5D3CF /* Build configuration list for PBXNativeTarget "kirekawaTests" */;
			buildPhases = (
				2BC9ED3A9EB00025012804BC /* [CP] Check Pods Manifest.lock */,
				8990784B1E686D4A00D5D3CF /* Sources */,
				8990784C1E686D4A00D5D3CF /* Frameworks */,
				8990784D1E686D4A00D5D3CF /* Resources */,
				C124E61160C3652DEBDD92AA /* [CP] Embed Pods Frameworks */,
				F9E8AE8B3D55188305C75DFF /* [CP] Copy Pods Resources */,
			);
			buildRules = (
			);
			dependencies = (
				899078511E686D4A00D5D3CF /* PBXTargetDependency */,
			);
			name = kirekawaTests;
			productName = kirekawaTests;
			productReference = 8990784F1E686D4A00D5D3CF /* kirekawaTests.xctest */;
			productType = "com.apple.product-type.bundle.unit-test";
		};
		899078591E686D4A00D5D3CF /* kirekawaUITests */ = {
			isa = PBXNativeTarget;
			buildConfigurationList = 899078691E686D4A00D5D3CF /* Build configuration list for PBXNativeTarget "kirekawaUITests" */;
			buildPhases = (
				491C794C72E36CA997392DDF /* [CP] Check Pods Manifest.lock */,
				899078561E686D4A00D5D3CF /* Sources */,
				899078571E686D4A00D5D3CF /* Frameworks */,
				899078581E686D4A00D5D3CF /* Resources */,
				B28C9BC19DC04FD198144613 /* [CP] Copy Pods Resources */,
			);
			buildRules = (
			);
			dependencies = (
				8990785C1E686D4A00D5D3CF /* PBXTargetDependency */,
			);
			name = kirekawaUITests;
			productName = kirekawaUITests;
			productReference = 8990785A1E686D4A00D5D3CF /* kirekawaUITests.xctest */;
			productType = "com.apple.product-type.bundle.ui-testing";
		};
/* End PBXNativeTarget section */

/* Begin PBXProject section */
		899078331E686D4800D5D3CF /* Project object */ = {
			isa = PBXProject;
			attributes = {
				LastSwiftUpdateCheck = 0820;
				LastUpgradeCheck = 0820;
				ORGANIZATIONNAME = "Yusuke Hashimoto";
				TargetAttributes = {
					8990783A1E686D4800D5D3CF = {
						CreatedOnToolsVersion = 8.2.1;
						DevelopmentTeam = U37DS9U467;
						ProvisioningStyle = Automatic;
					};
					8990784E1E686D4A00D5D3CF = {
						CreatedOnToolsVersion = 8.2.1;
						ProvisioningStyle = Automatic;
						TestTargetID = 8990783A1E686D4800D5D3CF;
					};
					899078591E686D4A00D5D3CF = {
						CreatedOnToolsVersion = 8.2.1;
						ProvisioningStyle = Automatic;
						TestTargetID = 8990783A1E686D4800D5D3CF;
					};
				};
			};
			buildConfigurationList = 899078361E686D4800D5D3CF /* Build configuration list for PBXProject "kirekawa" */;
			compatibilityVersion = "Xcode 3.2";
			developmentRegion = English;
			hasScannedForEncodings = 0;
			knownRegions = (
				en,
				Base,
			);
			mainGroup = 899078321E686D4800D5D3CF;
			productRefGroup = 8990783C1E686D4900D5D3CF /* Products */;
			projectDirPath = "";
			projectRoot = "";
			targets = (
				8990783A1E686D4800D5D3CF /* kirekawa */,
				8990784E1E686D4A00D5D3CF /* kirekawaTests */,
				899078591E686D4A00D5D3CF /* kirekawaUITests */,
			);
		};
/* End PBXProject section */

/* Begin PBXResourcesBuildPhase section */
		899078391E686D4800D5D3CF /* Resources */ = {
			isa = PBXResourcesBuildPhase;
			buildActionMask = 2147483647;
			files = (
				899078491E686D4900D5D3CF /* LaunchScreen.storyboard in Resources */,
				899078461E686D4900D5D3CF /* Assets.xcassets in Resources */,
				899078441E686D4900D5D3CF /* Main.storyboard in Resources */,
			);
			runOnlyForDeploymentPostprocessing = 0;
		};
		8990784D1E686D4A00D5D3CF /* Resources */ = {
			isa = PBXResourcesBuildPhase;
			buildActionMask = 2147483647;
			files = (
			);
			runOnlyForDeploymentPostprocessing = 0;
		};
		899078581E686D4A00D5D3CF /* Resources */ = {
			isa = PBXResourcesBuildPhase;
			buildActionMask = 2147483647;
			files = (
			);
			runOnlyForDeploymentPostprocessing = 0;
		};
/* End PBXResourcesBuildPhase section */

/* Begin PBXShellScriptBuildPhase section */
		238E7231B8418523D553AAB2 /* [CP] Embed Pods Frameworks */ = {
			isa = PBXShellScriptBuildPhase;
			buildActionMask = 2147483647;
			files = (
			);
			inputPaths = (
			);
			name = "[CP] Embed Pods Frameworks";
			outputPaths = (
			);
			runOnlyForDeploymentPostprocessing = 0;
			shellPath = /bin/sh;
			shellScript = "\"${SRCROOT}/Pods/Target Support Files/Pods-kirekawa/Pods-kirekawa-frameworks.sh\"\n";
			showEnvVarsInLog = 0;
		};
		2BC9ED3A9EB00025012804BC /* [CP] Check Pods Manifest.lock */ = {
			isa = PBXShellScriptBuildPhase;
			buildActionMask = 2147483647;
			files = (
			);
			inputPaths = (
			);
			name = "[CP] Check Pods Manifest.lock";
			outputPaths = (
			);
			runOnlyForDeploymentPostprocessing = 0;
			shellPath = /bin/sh;
			shellScript = "diff \"${PODS_ROOT}/../Podfile.lock\" \"${PODS_ROOT}/Manifest.lock\" > /dev/null\nif [[ $? != 0 ]] ; then\n    cat << EOM\nerror: The sandbox is not in sync with the Podfile.lock. Run 'pod install' or update your CocoaPods installation.\nEOM\n    exit 1\nfi\n";
			showEnvVarsInLog = 0;
		};
		491C794C72E36CA997392DDF /* [CP] Check Pods Manifest.lock */ = {
			isa = PBXShellScriptBuildPhase;
			buildActionMask = 2147483647;
			files = (
			);
			inputPaths = (
			);
			name = "[CP] Check Pods Manifest.lock";
			outputPaths = (
			);
			runOnlyForDeploymentPostprocessing = 0;
			shellPath = /bin/sh;
			shellScript = "diff \"${PODS_ROOT}/../Podfile.lock\" \"${PODS_ROOT}/Manifest.lock\" > /dev/null\nif [[ $? != 0 ]] ; then\n    cat << EOM\nerror: The sandbox is not in sync with the Podfile.lock. Run 'pod install' or update your CocoaPods installation.\nEOM\n    exit 1\nfi\n";
			showEnvVarsInLog = 0;
		};
		A77ABF0754DCB9E7FD259F2C /* [CP] Check Pods Manifest.lock */ = {
			isa = PBXShellScriptBuildPhase;
			buildActionMask = 2147483647;
			files = (
			);
			inputPaths = (
			);
			name = "[CP] Check Pods Manifest.lock";
			outputPaths = (
			);
			runOnlyForDeploymentPostprocessing = 0;
			shellPath = /bin/sh;
			shellScript = "diff \"${PODS_ROOT}/../Podfile.lock\" \"${PODS_ROOT}/Manifest.lock\" > /dev/null\nif [[ $? != 0 ]] ; then\n    cat << EOM\nerror: The sandbox is not in sync with the Podfile.lock. Run 'pod install' or update your CocoaPods installation.\nEOM\n    exit 1\nfi\n";
			showEnvVarsInLog = 0;
		};
		B28C9BC19DC04FD198144613 /* [CP] Copy Pods Resources */ = {
			isa = PBXShellScriptBuildPhase;
			buildActionMask = 2147483647;
			files = (
			);
			inputPaths = (
			);
			name = "[CP] Copy Pods Resources";
			outputPaths = (
			);
			runOnlyForDeploymentPostprocessing = 0;
			shellPath = /bin/sh;
			shellScript = "\"${SRCROOT}/Pods/Target Support Files/Pods-kirekawaUITests/Pods-kirekawaUITests-resources.sh\"\n";
			showEnvVarsInLog = 0;
		};
		C124E61160C3652DEBDD92AA /* [CP] Embed Pods Frameworks */ = {
			isa = PBXShellScriptBuildPhase;
			buildActionMask = 2147483647;
			files = (
			);
			inputPaths = (
			);
			name = "[CP] Embed Pods Frameworks";
			outputPaths = (
			);
			runOnlyForDeploymentPostprocessing = 0;
			shellPath = /bin/sh;
			shellScript = "\"${SRCROOT}/Pods/Target Support Files/Pods-kirekawaTests/Pods-kirekawaTests-frameworks.sh\"\n";
			showEnvVarsInLog = 0;
		};
		DCCC19561840BAC26C243C90 /* [CP] Copy Pods Resources */ = {
			isa = PBXShellScriptBuildPhase;
			buildActionMask = 2147483647;
			files = (
			);
			inputPaths = (
			);
			name = "[CP] Copy Pods Resources";
			outputPaths = (
			);
			runOnlyForDeploymentPostprocessing = 0;
			shellPath = /bin/sh;
			shellScript = "\"${SRCROOT}/Pods/Target Support Files/Pods-kirekawa/Pods-kirekawa-resources.sh\"\n";
			showEnvVarsInLog = 0;
		};
		F9E8AE8B3D55188305C75DFF /* [CP] Copy Pods Resources */ = {
			isa = PBXShellScriptBuildPhase;
			buildActionMask = 2147483647;
			files = (
			);
			inputPaths = (
			);
			name = "[CP] Copy Pods Resources";
			outputPaths = (
			);
			runOnlyForDeploymentPostprocessing = 0;
			shellPath = /bin/sh;
			shellScript = "\"${SRCROOT}/Pods/Target Support Files/Pods-kirekawaTests/Pods-kirekawaTests-resources.sh\"\n";
			showEnvVarsInLog = 0;
		};
/* End PBXShellScriptBuildPhase section */

/* Begin PBXSourcesBuildPhase section */
		899078371E686D4800D5D3CF /* Sources */ = {
			isa = PBXSourcesBuildPhase;
			buildActionMask = 2147483647;
			files = (
				899078411E686D4900D5D3CF /* ViewController.swift in Sources */,
				8990783F1E686D4900D5D3CF /* AppDelegate.swift in Sources */,
				89D932E31E6C084F00CAACB9 /* CustomTabBarController.swift in Sources */,
				89D932DF1E6BFC6E00CAACB9 /* CastTableViewController.swift in Sources */,
				89D932E51E6C0D2900CAACB9 /* ShopDetailViewController.swift in Sources */,
				89D932E11E6C02F300CAACB9 /* MapViewController.swift in Sources */,
				89D932E71E6C0D3800CAACB9 /* CastDetailViewController.swift in Sources */,
				89D932DD1E6BFC5500CAACB9 /* ShopTableViewController.swift in Sources */,
				89101DAA1E6C3BC3004C56EB /* Const.swift in Sources */,
			);
			runOnlyForDeploymentPostprocessing = 0;
		};
		8990784B1E686D4A00D5D3CF /* Sources */ = {
			isa = PBXSourcesBuildPhase;
			buildActionMask = 2147483647;
			files = (
				899078541E686D4A00D5D3CF /* kirekawaTests.swift in Sources */,
			);
			runOnlyForDeploymentPostprocessing = 0;
		};
		899078561E686D4A00D5D3CF /* Sources */ = {
			isa = PBXSourcesBuildPhase;
			buildActionMask = 2147483647;
			files = (
				8990785F1E686D4A00D5D3CF /* kirekawaUITests.swift in Sources */,
			);
			runOnlyForDeploymentPostprocessing = 0;
		};
/* End PBXSourcesBuildPhase section */

/* Begin PBXTargetDependency section */
		899078511E686D4A00D5D3CF /* PBXTargetDependency */ = {
			isa = PBXTargetDependency;
			target = 8990783A1E686D4800D5D3CF /* kirekawa */;
			targetProxy = 899078501E686D4A00D5D3CF /* PBXContainerItemProxy */;
		};
		8990785C1E686D4A00D5D3CF /* PBXTargetDependency */ = {
			isa = PBXTargetDependency;
			target = 8990783A1E686D4800D5D3CF /* kirekawa */;
			targetProxy = 8990785B1E686D4A00D5D3CF /* PBXContainerItemProxy */;
		};
/* End PBXTargetDependency section */

/* Begin PBXVariantGroup section */
		899078421E686D4900D5D3CF /* Main.storyboard */ = {
			isa = PBXVariantGroup;
			children = (
				899078431E686D4900D5D3CF /* Base */,
			);
			name = Main.storyboard;
			path = .;
			sourceTree = "<group>";
		};
		899078471E686D4900D5D3CF /* LaunchScreen.storyboard */ = {
			isa = PBXVariantGroup;
			children = (
				899078481E686D4900D5D3CF /* Base */,
			);
			name = LaunchScreen.storyboard;
			path = .;
			sourceTree = "<group>";
		};
/* End PBXVariantGroup section */

/* Begin XCBuildConfiguration section */
		899078611E686D4A00D5D3CF /* Debug */ = {
			isa = XCBuildConfiguration;
			buildSettings = {
				ALWAYS_SEARCH_USER_PATHS = NO;
				CLANG_ANALYZER_NONNULL = YES;
				CLANG_CXX_LANGUAGE_STANDARD = "gnu++0x";
				CLANG_CXX_LIBRARY = "libc++";
				CLANG_ENABLE_MODULES = YES;
				CLANG_ENABLE_OBJC_ARC = YES;
				CLANG_WARN_BOOL_CONVERSION = YES;
				CLANG_WARN_CONSTANT_CONVERSION = YES;
				CLANG_WARN_DIRECT_OBJC_ISA_USAGE = YES_ERROR;
				CLANG_WARN_DOCUMENTATION_COMMENTS = YES;
				CLANG_WARN_EMPTY_BODY = YES;
				CLANG_WARN_ENUM_CONVERSION = YES;
				CLANG_WARN_INFINITE_RECURSION = YES;
				CLANG_WARN_INT_CONVERSION = YES;
				CLANG_WARN_OBJC_ROOT_CLASS = YES_ERROR;
				CLANG_WARN_SUSPICIOUS_MOVE = YES;
				CLANG_WARN_UNREACHABLE_CODE = YES;
				CLANG_WARN__DUPLICATE_METHOD_MATCH = YES;
				"CODE_SIGN_IDENTITY[sdk=iphoneos*]" = "iPhone Developer";
				COPY_PHASE_STRIP = NO;
				DEBUG_INFORMATION_FORMAT = dwarf;
				ENABLE_STRICT_OBJC_MSGSEND = YES;
				ENABLE_TESTABILITY = YES;
				GCC_C_LANGUAGE_STANDARD = gnu99;
				GCC_DYNAMIC_NO_PIC = NO;
				GCC_NO_COMMON_BLOCKS = YES;
				GCC_OPTIMIZATION_LEVEL = 0;
				GCC_PREPROCESSOR_DEFINITIONS = (
					"DEBUG=1",
					"$(inherited)",
				);
				GCC_WARN_64_TO_32_BIT_CONVERSION = YES;
				GCC_WARN_ABOUT_RETURN_TYPE = YES_ERROR;
				GCC_WARN_UNDECLARED_SELECTOR = YES;
				GCC_WARN_UNINITIALIZED_AUTOS = YES_AGGRESSIVE;
				GCC_WARN_UNUSED_FUNCTION = YES;
				GCC_WARN_UNUSED_VARIABLE = YES;
				IPHONEOS_DEPLOYMENT_TARGET = 10.2;
				MTL_ENABLE_DEBUG_INFO = YES;
				ONLY_ACTIVE_ARCH = YES;
				SDKROOT = iphoneos;
				SWIFT_ACTIVE_COMPILATION_CONDITIONS = DEBUG;
				SWIFT_OPTIMIZATION_LEVEL = "-Onone";
			};
			name = Debug;
		};
		899078621E686D4A00D5D3CF /* Release */ = {
			isa = XCBuildConfiguration;
			buildSettings = {
				ALWAYS_SEARCH_USER_PATHS = NO;
				CLANG_ANALYZER_NONNULL = YES;
				CLANG_CXX_LANGUAGE_STANDARD = "gnu++0x";
				CLANG_CXX_LIBRARY = "libc++";
				CLANG_ENABLE_MODULES = YES;
				CLANG_ENABLE_OBJC_ARC = YES;
				CLANG_WARN_BOOL_CONVERSION = YES;
				CLANG_WARN_CONSTANT_CONVERSION = YES;
				CLANG_WARN_DIRECT_OBJC_ISA_USAGE = YES_ERROR;
				CLANG_WARN_DOCUMENTATION_COMMENTS = YES;
				CLANG_WARN_EMPTY_BODY = YES;
				CLANG_WARN_ENUM_CONVERSION = YES;
				CLANG_WARN_INFINITE_RECURSION = YES;
				CLANG_WARN_INT_CONVERSION = YES;
				CLANG_WARN_OBJC_ROOT_CLASS = YES_ERROR;
				CLANG_WARN_SUSPICIOUS_MOVE = YES;
				CLANG_WARN_UNREACHABLE_CODE = YES;
				CLANG_WARN__DUPLICATE_METHOD_MATCH = YES;
				"CODE_SIGN_IDENTITY[sdk=iphoneos*]" = "iPhone Developer";
				COPY_PHASE_STRIP = NO;
				DEBUG_INFORMATION_FORMAT = "dwarf-with-dsym";
				ENABLE_NS_ASSERTIONS = NO;
				ENABLE_STRICT_OBJC_MSGSEND = YES;
				GCC_C_LANGUAGE_STANDARD = gnu99;
				GCC_NO_COMMON_BLOCKS = YES;
				GCC_WARN_64_TO_32_BIT_CONVERSION = YES;
				GCC_WARN_ABOUT_RETURN_TYPE = YES_ERROR;
				GCC_WARN_UNDECLARED_SELECTOR = YES;
				GCC_WARN_UNINITIALIZED_AUTOS = YES_AGGRESSIVE;
				GCC_WARN_UNUSED_FUNCTION = YES;
				GCC_WARN_UNUSED_VARIABLE = YES;
				IPHONEOS_DEPLOYMENT_TARGET = 10.2;
				MTL_ENABLE_DEBUG_INFO = NO;
				SDKROOT = iphoneos;
				SWIFT_OPTIMIZATION_LEVEL = "-Owholemodule";
				VALIDATE_PRODUCT = YES;
			};
			name = Release;
		};
		899078641E686D4A00D5D3CF /* Debug */ = {
			isa = XCBuildConfiguration;
			baseConfigurationReference = A263159EBAFB6963D9FEC207 /* Pods-kirekawa.debug.xcconfig */;
			buildSettings = {
				ASSETCATALOG_COMPILER_APPICON_NAME = AppIcon;
				DEVELOPMENT_TEAM = U37DS9U467;
				INFOPLIST_FILE = kirekawa/Info.plist;
				IPHONEOS_DEPLOYMENT_TARGET = 8.2;
				LD_RUNPATH_SEARCH_PATHS = "$(inherited) @executable_path/Frameworks";
				PRODUCT_BUNDLE_IDENTIFIER = "com.kire-kawa.night";
				PRODUCT_NAME = "$(TARGET_NAME)";
				SWIFT_VERSION = 3.0;
			};
			name = Debug;
		};
		899078651E686D4A00D5D3CF /* Release */ = {
			isa = XCBuildConfiguration;
			baseConfigurationReference = 9BD61470839C4FF6FAFBDBAF /* Pods-kirekawa.release.xcconfig */;
			buildSettings = {
				ASSETCATALOG_COMPILER_APPICON_NAME = AppIcon;
				DEVELOPMENT_TEAM = U37DS9U467;
				INFOPLIST_FILE = kirekawa/Info.plist;
				IPHONEOS_DEPLOYMENT_TARGET = 8.2;
				LD_RUNPATH_SEARCH_PATHS = "$(inherited) @executable_path/Frameworks";
				PRODUCT_BUNDLE_IDENTIFIER = "com.kire-kawa.night";
				PRODUCT_NAME = "$(TARGET_NAME)";
				SWIFT_VERSION = 3.0;
			};
			name = Release;
		};
		899078671E686D4A00D5D3CF /* Debug */ = {
			isa = XCBuildConfiguration;
			baseConfigurationReference = A263159EBAFB6963D9FEC207 /* Pods-kirekawa.debug.xcconfig */;
			buildSettings = {
				ALWAYS_EMBED_SWIFT_STANDARD_LIBRARIES = YES;
				BUNDLE_LOADER = "$(TEST_HOST)";
				INFOPLIST_FILE = kirekawaTests/Info.plist;
				LD_RUNPATH_SEARCH_PATHS = "$(inherited) @executable_path/Frameworks @loader_path/Frameworks";
				PRODUCT_BUNDLE_IDENTIFIER = "com.kire-kawa.night.kirekawaTests";
				PRODUCT_NAME = "$(TARGET_NAME)";
				SWIFT_VERSION = 3.0;
				TEST_HOST = "$(BUILT_PRODUCTS_DIR)/kirekawa.app/kirekawa";
			};
			name = Debug;
		};
		899078681E686D4A00D5D3CF /* Release */ = {
			isa = XCBuildConfiguration;
			baseConfigurationReference = 9BD61470839C4FF6FAFBDBAF /* Pods-kirekawa.release.xcconfig */;
			buildSettings = {
				ALWAYS_EMBED_SWIFT_STANDARD_LIBRARIES = YES;
				BUNDLE_LOADER = "$(TEST_HOST)";
				INFOPLIST_FILE = kirekawaTests/Info.plist;
				LD_RUNPATH_SEARCH_PATHS = "$(inherited) @executable_path/Frameworks @loader_path/Frameworks";
				PRODUCT_BUNDLE_IDENTIFIER = "com.kire-kawa.night.kirekawaTests";
				PRODUCT_NAME = "$(TARGET_NAME)";
				SWIFT_VERSION = 3.0;
				TEST_HOST = "$(BUILT_PRODUCTS_DIR)/kirekawa.app/kirekawa";
			};
			name = Release;
		};
		8990786A1E686D4A00D5D3CF /* Debug */ = {
			isa = XCBuildConfiguration;
			baseConfigurationReference = A263159EBAFB6963D9FEC207 /* Pods-kirekawa.debug.xcconfig */;
			buildSettings = {
				ALWAYS_EMBED_SWIFT_STANDARD_LIBRARIES = YES;
				INFOPLIST_FILE = kirekawaUITests/Info.plist;
				LD_RUNPATH_SEARCH_PATHS = "$(inherited) @executable_path/Frameworks @loader_path/Frameworks";
				PRODUCT_BUNDLE_IDENTIFIER = "com.kire-kawa.night.kirekawaUITests";
				PRODUCT_NAME = "$(TARGET_NAME)";
				SWIFT_VERSION = 3.0;
				TEST_TARGET_NAME = kirekawa;
			};
			name = Debug;
		};
		8990786B1E686D4A00D5D3CF /* Release */ = {
			isa = XCBuildConfiguration;
			baseConfigurationReference = 9BD61470839C4FF6FAFBDBAF /* Pods-kirekawa.release.xcconfig */;
			buildSettings = {
				ALWAYS_EMBED_SWIFT_STANDARD_LIBRARIES = YES;
				INFOPLIST_FILE = kirekawaUITests/Info.plist;
				LD_RUNPATH_SEARCH_PATHS = "$(inherited) @executable_path/Frameworks @loader_path/Frameworks";
				PRODUCT_BUNDLE_IDENTIFIER = "com.kire-kawa.night.kirekawaUITests";
				PRODUCT_NAME = "$(TARGET_NAME)";
				SWIFT_VERSION = 3.0;
				TEST_TARGET_NAME = kirekawa;
			};
			name = Release;
		};
/* End XCBuildConfiguration section */

/* Begin XCConfigurationList section */
		899078361E686D4800D5D3CF /* Build configuration list for PBXProject "kirekawa" */ = {
			isa = XCConfigurationList;
			buildConfigurations = (
				899078611E686D4A00D5D3CF /* Debug */,
				899078621E686D4A00D5D3CF /* Release */,
			);
			defaultConfigurationIsVisible = 0;
			defaultConfigurationName = Release;
		};
		899078631E686D4A00D5D3CF /* Build configuration list for PBXNativeTarget "kirekawa" */ = {
			isa = XCConfigurationList;
			buildConfigurations = (
				899078641E686D4A00D5D3CF /* Debug */,
				899078651E686D4A00D5D3CF /* Release */,
			);
			defaultConfigurationIsVisible = 0;
			defaultConfigurationName = Release;
		};
		899078661E686D4A00D5D3CF /* Build configuration list for PBXNativeTarget "kirekawaTests" */ = {
			isa = XCConfigurationList;
			buildConfigurations = (
				899078671E686D4A00D5D3CF /* Debug */,
				899078681E686D4A00D5D3CF /* Release */,
			);
			defaultConfigurationIsVisible = 0;
			defaultConfigurationName = Release;
		};
		899078691E686D4A00D5D3CF /* Build configuration list for PBXNativeTarget "kirekawaUITests" */ = {
			isa = XCConfigurationList;
			buildConfigurations = (
				8990786A1E686D4A00D5D3CF /* Debug */,
				8990786B1E686D4A00D5D3CF /* Release */,
			);
			defaultConfigurationIsVisible = 0;
			defaultConfigurationName = Release;
		};
/* End XCConfigurationList section */
	};
	rootObject = 899078331E686D4800D5D3CF /* Project object */;
}
